{
  "pins" : [
    {
      "identity" : "combinecocoa",
      "kind" : "remoteSourceControl",
      "location" : "https://github.com/CombineCommunity/CombineCocoa.git",
      "state" : {
        "revision" : "7300c75ff9e072aa7fd0fccefcc88f74aae9bf56",
        "version" : "0.4.1"
      }
    },
    {
      "identity" : "currencyconverterkit",
      "kind" : "remoteSourceControl",
      "location" : "https://github.com/VitalikKizlov/CurrencyConverterKit",
      "state" : {
        "branch" : "main",
        "revision" : "b5272f5b0a26940d21e2e95e8b80f18077340e60"
      }
    }
  ],
  "version" : 2
}
